<?xml version="1.0" encoding="utf-8"?>
<Project ToolsVersion="4.0" xmlns="http://schemas.microsoft.com/developer/msbuild/2003">
  <ItemGroup>
    <Filter Include="Main">
      <UniqueIdentifier>{c9e29f71-795a-4dac-8c77-4cfcf27a0120}</UniqueIdentifier>
    </Filter>
    <Filter Include="GameMap">
      <UniqueIdentifier>{520fd80a-7ecb-4c56-84fe-c9288ce4c434}</UniqueIdentifier>
    </Filter>
    <Filter Include="GameMap\MapObject">
      <UniqueIdentifier>{66285ef0-0520-4fde-8154-5836e0a5002e}</UniqueIdentifier>
    </Filter>
    <Filter Include="Camera">
      <UniqueIdentifier>{88a5e1d0-a223-4574-b782-ef013b47c343}</UniqueIdentifier>
    </Filter>
    <Filter Include="TankComponents">
      <UniqueIdentifier>{a740cfd3-bf26-452b-88d4-bf66c56fd5d1}</UniqueIdentifier>
    </Filter>
    <Filter Include="TankShells">
      <UniqueIdentifier>{91f7579f-c872-4532-a1e8-5af19ac4fcaa}</UniqueIdentifier>
    </Filter>
    <Filter Include="TankShells\CannonballAttribute">
      <UniqueIdentifier>{6c6e70c5-32b9-409a-a623-7b033030351c}</UniqueIdentifier>
    </Filter>
    <Filter Include="GameCollision">
      <UniqueIdentifier>{920fe0d1-05bd-4374-969d-e71ed453f1b6}</UniqueIdentifier>
    </Filter>
    <Filter Include="EnemyTank">
      <UniqueIdentifier>{ba87b36f-bd9f-4799-9336-723d6e2ba8b9}</UniqueIdentifier>
    </Filter>
    <Filter Include="StateMachineComponents">
      <UniqueIdentifier>{dd414c71-a159-4cbd-8f28-b5fc1353d0e3}</UniqueIdentifier>
    </Filter>
    <Filter Include="TankShells\system">
      <UniqueIdentifier>{22dd8095-74f9-46df-81a1-36675a040b1f}</UniqueIdentifier>
    </Filter>
    <Filter Include="EnemyTank\StateMachine">
      <UniqueIdentifier>{3889d162-3566-47d2-a000-3418d3ba678e}</UniqueIdentifier>
    </Filter>
    <Filter Include="EnemyTank\State">
      <UniqueIdentifier>{28f614eb-05fb-4e7d-82a7-cd1b6e2e58a3}</UniqueIdentifier>
    </Filter>
    <Filter Include="EnemyTank\AttackPoint">
      <UniqueIdentifier>{f8678101-8597-48a5-98a1-12b8f390e176}</UniqueIdentifier>
    </Filter>
    <Filter Include="EnemyTank\Attribute">
      <UniqueIdentifier>{e5ba45b7-47a4-49c7-8ff0-e95fce1a5ee2}</UniqueIdentifier>
    </Filter>
  </ItemGroup>
  <ItemGroup>
    <ClCompile Include="stdafx.cpp" />
    <ClCompile Include="system\system.cpp">
      <Filter>TankShells\system</Filter>
    </ClCompile>
    <ClCompile Include="main.cpp">
      <Filter>Main</Filter>
    </ClCompile>
    <ClCompile Include="GameMain.cpp">
      <Filter>Main</Filter>
    </ClCompile>
    <ClCompile Include="GameOut.cpp">
      <Filter>Main</Filter>
    </ClCompile>
    <ClCompile Include="GameIn.cpp">
      <Filter>Main</Filter>
    </ClCompile>
    <ClCompile Include="GameTitle.cpp">
      <Filter>Main</Filter>
    </ClCompile>
    <ClCompile Include="GameLoad.cpp">
      <Filter>Main</Filter>
    </ClCompile>
    <ClCompile Include="GameMapManager.cpp">
      <Filter>GameMap</Filter>
    </ClCompile>
    <ClCompile Include="MapObjectGeneric.cpp">
      <Filter>GameMap\MapObject</Filter>
    </ClCompile>
    <ClCompile Include="GameCameraManager.cpp">
      <Filter>Camera</Filter>
    </ClCompile>
    <ClCompile Include="GameMainCamera.cpp">
      <Filter>Camera</Filter>
    </ClCompile>
    <ClCompile Include="GamePlayer.cpp" />
    <ClCompile Include="TankCrawkerMovingComponent.cpp">
      <Filter>TankComponents</Filter>
    </ClCompile>
    <ClCompile Include="TankTurretMovingComponent.cpp">
      <Filter>TankComponents</Filter>
    </ClCompile>
    <ClCompile Include="TankShellsEntity.cpp">
      <Filter>TankShells</Filter>
    </ClCompile>
    <ClCompile Include="TankShellsManager.cpp">
      <Filter>TankShells</Filter>
    </ClCompile>
    <ClCompile Include="TankShellsAttributeRegistry.cpp">
      <Filter>TankShells</Filter>
    </ClCompile>
    <ClCompile Include="TankShells_001_Normal.cpp">
      <Filter>TankShells\CannonballAttribute</Filter>
    </ClCompile>
    <ClCompile Include="TankShellsAttributeBase.cpp">
      <Filter>TankShells\CannonballAttribute</Filter>
    </ClCompile>
    <ClCompile Include="GameCollisionManager.cpp">
      <Filter>GameCollision</Filter>
    </ClCompile>
    <ClCompile Include="MapObjectEnemyDummy.cpp">
      <Filter>GameMap\MapObject</Filter>
    </ClCompile>
    <ClCompile Include="StateBase.cpp">
      <Filter>StateMachineComponents</Filter>
    </ClCompile>
    <ClCompile Include="StateMachineBase.cpp">
      <Filter>StateMachineComponents</Filter>
    </ClCompile>
    <ClCompile Include="EnemyTankEntity.cpp">
      <Filter>EnemyTank</Filter>
    </ClCompile>
    <ClCompile Include="EnemyTankManager.cpp">
      <Filter>EnemyTank</Filter>
    </ClCompile>
    <ClCompile Include="EnemyTankStateMachine.cpp">
      <Filter>EnemyTank\StateMachine</Filter>
    </ClCompile>
    <ClCompile Include="EnemyTankStateTrackingUpdate.cpp">
      <Filter>EnemyTank\State</Filter>
    </ClCompile>
    <ClCompile Include="EnemyAttackPointManager.cpp">
      <Filter>EnemyTank\AttackPoint</Filter>
    </ClCompile>
    <ClCompile Include="EnemyAttackPoint.cpp">
      <Filter>EnemyTank\AttackPoint</Filter>
    </ClCompile>
    <ClCompile Include="EnemyTankStateAttackMoveUpdate.cpp">
      <Filter>EnemyTank\State</Filter>
    </ClCompile>
    <ClCompile Include="EnemyTankAttributeRegistry.cpp">
      <Filter>EnemyTank\Attribute</Filter>
    </ClCompile>
    <ClCompile Include="EnemyTank_001_Normal.cpp">
      <Filter>EnemyTank\Attribute</Filter>
    </ClCompile>
    <ClCompile Include="EnemyTankAttributeBase.cpp">
      <Filter>EnemyTank\Attribute</Filter>
    </ClCompile>
  </ItemGroup>
  <ItemGroup>
    <ClInclude Include="stdafx.h" />
    <ClInclude Include="system\system.h">
      <Filter>TankShells\system</Filter>
    </ClInclude>
    <ClInclude Include="GameMain.h">
      <Filter>Main</Filter>
    </ClInclude>
    <ClInclude Include="GameOut.h">
      <Filter>Main</Filter>
    </ClInclude>
    <ClInclude Include="GameIn.h">
      <Filter>Main</Filter>
    </ClInclude>
    <ClInclude Include="GameTitle.h">
      <Filter>Main</Filter>
    </ClInclude>
    <ClInclude Include="GameLoad.h">
      <Filter>Main</Filter>
    </ClInclude>
    <ClInclude Include="GameMapManager.h">
      <Filter>GameMap</Filter>
    </ClInclude>
    <ClInclude Include="GameMapObjectBase.h">
      <Filter>GameMap</Filter>
    </ClInclude>
    <ClInclude Include="MapObjectGeneric.h">
      <Filter>GameMap\MapObject</Filter>
    </ClInclude>
    <ClInclude Include="GameCameraManager.h">
      <Filter>Camera</Filter>
    </ClInclude>
    <ClInclude Include="GameMainCamera.h">
      <Filter>Camera</Filter>
    </ClInclude>
    <ClInclude Include="GameCameraObjectBase.h">
      <Filter>Camera</Filter>
    </ClInclude>
    <ClInclude Include="GamePlayer.h" />
    <ClInclude Include="TankCrawkerMovingComponent.h">
      <Filter>TankComponents</Filter>
    </ClInclude>
    <ClInclude Include="TankTurretMovingComponent.h">
      <Filter>TankComponents</Filter>
    </ClInclude>
    <ClInclude Include="resource.h" />
    <ClInclude Include="TankShellsEntity.h">
      <Filter>TankShells</Filter>
    </ClInclude>
    <ClInclude Include="TankShellsManager.h">
      <Filter>TankShells</Filter>
    </ClInclude>
    <ClInclude Include="TankShellsAttributeRegistry.h">
      <Filter>TankShells</Filter>
    </ClInclude>
    <ClInclude Include="TankShellsAttribute.h">
      <Filter>TankShells</Filter>
    </ClInclude>
    <ClInclude Include="TankShells_001_Normal.h">
      <Filter>TankShells\CannonballAttribute</Filter>
    </ClInclude>
    <ClInclude Include="TankShellsAttributeBase.h">
      <Filter>TankShells\CannonballAttribute</Filter>
    </ClInclude>
    <ClInclude Include="GameCollisionManager.h">
      <Filter>GameCollision</Filter>
    </ClInclude>
    <ClInclude Include="MapObjectEnemyDummy.h">
      <Filter>GameMap\MapObject</Filter>
    </ClInclude>
    <ClInclude Include="StateBase.h">
      <Filter>StateMachineComponents</Filter>
    </ClInclude>
    <ClInclude Include="StateMachineBase.h">
      <Filter>StateMachineComponents</Filter>
    </ClInclude>
    <ClInclude Include="EnemyTankEntity.h">
      <Filter>EnemyTank</Filter>
    </ClInclude>
    <ClInclude Include="EnemyTankManager.h">
      <Filter>EnemyTank</Filter>
    </ClInclude>
    <ClInclude Include="EnemyTankStateMachine.h">
      <Filter>EnemyTank\StateMachine</Filter>
    </ClInclude>
    <ClInclude Include="EnemyTankStateTrackingUpdate.h">
      <Filter>EnemyTank\State</Filter>
    </ClInclude>
    <ClInclude Include="EnemyAttackPointManager.h">
      <Filter>EnemyTank\AttackPoint</Filter>
    </ClInclude>
    <ClInclude Include="EnemyAttackPoint.h">
      <Filter>EnemyTank\AttackPoint</Filter>
    </ClInclude>
    <ClInclude Include="CRC32.h">
      <Filter>StateMachineComponents</Filter>
    </ClInclude>
    <ClInclude Include="EnemyTankStateAttackMoveUpdate.h">
      <Filter>EnemyTank\State</Filter>
    </ClInclude>
    <ClInclude Include="EnemyTankAttributeBase.h">
      <Filter>EnemyTank\Attribute</Filter>
    </ClInclude>
    <ClInclude Include="EnemyTankAttributeRegistry.h">
      <Filter>EnemyTank\Attribute</Filter>
    </ClInclude>
    <ClInclude Include="EnemyTankAttribute.h">
      <Filter>EnemyTank</Filter>
    </ClInclude>
    <ClInclude Include="EnemyTank_001_Normal.h">
      <Filter>EnemyTank\Attribute</Filter>
    </ClInclude>
  </ItemGroup>
  <ItemGroup>
    <ResourceCompile Include="Game.rc" />
  </ItemGroup>
</Project>